
Microsoft Visual Studio Solution File, Format Version 12.00
# Visual Studio Version 17
VisualStudioVersion = 17.5.33516.290
MinimumVisualStudioVersion = 10.0.40219.1
Project("{FAE04EC0-301F-11D3-BF4B-00C04F79EFBC}") = "SistemasDeTarefas", "SistemasDeTarefas\SistemasDeTarefas.csproj", "{D282E3B7-E663-4254-86AD-82A53358DDD2}"
EndProject
Global
	GlobalSection(SolutionConfigurationPlatforms) = preSolution
		Debug|Any CPU = Debug|Any CPU
		Release|Any CPU = Release|Any CPU
	EndGlobalSection
	GlobalSection(ProjectConfigurationPlatforms) = postSolution
		{D282E3B7-E663-4254-86AD-82A53358DDD2}.Debug|Any CPU.ActiveCfg = Debug|Any CPU
		{D282E3B7-E663-4254-86AD-82A53358DDD2}.Debug|Any CPU.Build.0 = Debug|Any CPU
		{D282E3B7-E663-4254-86AD-82A53358DDD2}.Release|Any CPU.ActiveCfg = Release|Any CPU
		{D282E3B7-E663-4254-86AD-82A53358DDD2}.Release|Any CPU.Build.0 = Release|Any CPU
	EndGlobalSection
	GlobalSection(SolutionProperties) = preSolution
		HideSolutionNode = FALSE
	EndGlobalSection
	GlobalSection(ExtensibilityGlobals) = postSolution
		SolutionGuid = {55D937D1-2634-47CE-8C4D-18214BAA5700}
	EndGlobalSection
EndGlobal
